
Microsoft Visual Studio Solution File, Format Version 12.00
# Visual Studio Version 17
VisualStudioVersion = 17.9.34728.123
MinimumVisualStudioVersion = 10.0.40219.1
Project("{FAE04EC0-301F-11D3-BF4B-00C04F79EFBC}") = "CityLink", "CityLink\CityLink.csproj", "{07303062-76D6-4B5C-89CF-B0F8F97D560F}"
EndProject
Global
	GlobalSection(SolutionConfigurationPlatforms) = preSolution
		Debug|Any CPU = Debug|Any CPU
		Release|Any CPU = Release|Any CPU
	EndGlobalSection
	GlobalSection(ProjectConfigurationPlatforms) = postSolution
		{07303062-76D6-4B5C-89CF-B0F8F97D560F}.Debug|Any CPU.ActiveCfg = Debug|Any CPU
		{07303062-76D6-4B5C-89CF-B0F8F97D560F}.Debug|Any CPU.Build.0 = Debug|Any CPU
		{07303062-76D6-4B5C-89CF-B0F8F97D560F}.Release|Any CPU.ActiveCfg = Release|Any CPU
		{07303062-76D6-4B5C-89CF-B0F8F97D560F}.Release|Any CPU.Build.0 = Release|Any CPU
	EndGlobalSection
	GlobalSection(SolutionProperties) = preSolution
		HideSolutionNode = FALSE
	EndGlobalSection
	GlobalSection(ExtensibilityGlobals) = postSolution
		SolutionGuid = {8C331C3D-2BB6-4A47-AB5F-0784649043D9}
	EndGlobalSection
EndGlobal
